
Microsoft Visual Studio Solution File, Format Version 12.00
# Visual Studio Version 16
VisualStudioVersion = 16.0.31702.278
MinimumVisualStudioVersion = 10.0.40219.1
Project("{8BC9CEB8-8B4A-11D0-8D11-00A0C91BC942}") = "str_sort", "str_sort\str_sort.vcxproj", "{515791C2-EC3E-4265-9244-CF24805CA769}"
EndProject
Global
	GlobalSection(SolutionConfigurationPlatforms) = preSolution
		Debug|x64 = Debug|x64
		Debug|x86 = Debug|x86
		Release|x64 = Release|x64
		Release|x86 = Release|x86
	EndGlobalSection
	GlobalSection(ProjectConfigurationPlatforms) = postSolution
		{515791C2-EC3E-4265-9244-CF24805CA769}.Debug|x64.ActiveCfg = Debug|x64
		{515791C2-EC3E-4265-9244-CF24805CA769}.Debug|x64.Build.0 = Debug|x64
		{515791C2-EC3E-4265-9244-CF24805CA769}.Debug|x86.ActiveCfg = Debug|Win32
		{515791C2-EC3E-4265-9244-CF24805CA769}.Debug|x86.Build.0 = Debug|Win32
		{515791C2-EC3E-4265-9244-CF24805CA769}.Release|x64.ActiveCfg = Release|x64
		{515791C2-EC3E-4265-9244-CF24805CA769}.Release|x64.Build.0 = Release|x64
		{515791C2-EC3E-4265-9244-CF24805CA769}.Release|x86.ActiveCfg = Release|Win32
		{515791C2-EC3E-4265-9244-CF24805CA769}.Release|x86.Build.0 = Release|Win32
	EndGlobalSection
	GlobalSection(SolutionProperties) = preSolution
		HideSolutionNode = FALSE
	EndGlobalSection
	GlobalSection(ExtensibilityGlobals) = postSolution
		SolutionGuid = {B822781D-8959-40EA-B577-47BBB894322A}
	EndGlobalSection
EndGlobal
