
Microsoft Visual Studio Solution File, Format Version 12.00
# Visual Studio Version 16
VisualStudioVersion = 16.0.31702.278
MinimumVisualStudioVersion = 10.0.40219.1
Project("{8BC9CEB8-8B4A-11D0-8D11-00A0C91BC942}") = "recrusion", "recrusion\recrusion.vcxproj", "{EC91A06A-4498-4C59-A244-BC3B1DF19DD7}"
EndProject
Global
	GlobalSection(SolutionConfigurationPlatforms) = preSolution
		Debug|x64 = Debug|x64
		Debug|x86 = Debug|x86
		Release|x64 = Release|x64
		Release|x86 = Release|x86
	EndGlobalSection
	GlobalSection(ProjectConfigurationPlatforms) = postSolution
		{EC91A06A-4498-4C59-A244-BC3B1DF19DD7}.Debug|x64.ActiveCfg = Debug|x64
		{EC91A06A-4498-4C59-A244-BC3B1DF19DD7}.Debug|x64.Build.0 = Debug|x64
		{EC91A06A-4498-4C59-A244-BC3B1DF19DD7}.Debug|x86.ActiveCfg = Debug|Win32
		{EC91A06A-4498-4C59-A244-BC3B1DF19DD7}.Debug|x86.Build.0 = Debug|Win32
		{EC91A06A-4498-4C59-A244-BC3B1DF19DD7}.Release|x64.ActiveCfg = Release|x64
		{EC91A06A-4498-4C59-A244-BC3B1DF19DD7}.Release|x64.Build.0 = Release|x64
		{EC91A06A-4498-4C59-A244-BC3B1DF19DD7}.Release|x86.ActiveCfg = Release|Win32
		{EC91A06A-4498-4C59-A244-BC3B1DF19DD7}.Release|x86.Build.0 = Release|Win32
	EndGlobalSection
	GlobalSection(SolutionProperties) = preSolution
		HideSolutionNode = FALSE
	EndGlobalSection
	GlobalSection(ExtensibilityGlobals) = postSolution
		SolutionGuid = {5A766E7F-859E-4A18-8B8B-A2C809F9B2BA}
	EndGlobalSection
EndGlobal
